hash: aae76d50ba2c4cfb4ca66f29110bb1cd2f53d412fdfb6e9c499ad57c35f2970b
updated: 2017-08-18T22:04:45.8619231+10:00
imports:
- name: github.com/gorilla/context
  version: 08b5f424b9271eedf6f9f0ce86cb9396ed337a42
- name: github.com/gorilla/csrf
  version: 69581736821c33d85bbf378f42f6ad864dbd85de
- name: github.com/gorilla/mux
  version: bcd8bc72b08df0f70df986b97f95590779502d31
- name: github.com/lib/pq
  version: e42267488fe361b9dc034be7a6bffef5b195bceb
  subpackages:
  - oid
testImports: []
